
Microsoft Visual Studio Solution File, Format Version 12.00
# Visual Studio 2013
VisualStudioVersion = 12.0.40629.0
MinimumVisualStudioVersion = 10.0.40219.1
Project("{FAE04EC0-301F-11D3-BF4B-00C04F79EFBC}") = "AzurreWebAppDB2", "AzurreWebAppDB2\AzurreWebAppDB2.csproj", "{A075B4D3-6CE8-4B8A-ADAB-EE0B4A3EEC6D}"
EndProject
Global
	GlobalSection(SolutionConfigurationPlatforms) = preSolution
		Debug|Any CPU = Debug|Any CPU
		Release|Any CPU = Release|Any CPU
	EndGlobalSection
	GlobalSection(ProjectConfigurationPlatforms) = postSolution
		{A075B4D3-6CE8-4B8A-ADAB-EE0B4A3EEC6D}.Debug|Any CPU.ActiveCfg = Debug|Any CPU
		{A075B4D3-6CE8-4B8A-ADAB-EE0B4A3EEC6D}.Debug|Any CPU.Build.0 = Debug|Any CPU
		{A075B4D3-6CE8-4B8A-ADAB-EE0B4A3EEC6D}.Release|Any CPU.ActiveCfg = Release|Any CPU
		{A075B4D3-6CE8-4B8A-ADAB-EE0B4A3EEC6D}.Release|Any CPU.Build.0 = Release|Any CPU
	EndGlobalSection
	GlobalSection(SolutionProperties) = preSolution
		HideSolutionNode = FALSE
	EndGlobalSection
EndGlobal
